
Microsoft Visual Studio Solution File, Format Version 12.00
# Visual Studio 15
VisualStudioVersion = 15.0.28307.271
MinimumVisualStudioVersion = 10.0.40219.1
Project("{FAE04EC0-301F-11D3-BF4B-00C04F79EFBC}") = "GC", "GC\GC.csproj", "{81317646-0418-4D39-B120-74872211376F}"
EndProject
Project("{FAE04EC0-301F-11D3-BF4B-00C04F79EFBC}") = "Portable.Gc.Integration", "..\..\gc-integration\src\Portable.Gc.Integration\Portable.Gc.Integration.csproj", "{CE065326-ABC3-4124-ABE9-38B07AEA1FE8}"
EndProject
Project("{FAE04EC0-301F-11D3-BF4B-00C04F79EFBC}") = "GC.Testing", "GC.Testing\GC.Testing.csproj", "{534E54CC-CC9B-4D38-959D-F074BE742A2F}"
EndProject
Global
	GlobalSection(SolutionConfigurationPlatforms) = preSolution
		Debug|Any CPU = Debug|Any CPU
		Release|Any CPU = Release|Any CPU
	EndGlobalSection
	GlobalSection(ProjectConfigurationPlatforms) = postSolution
		{81317646-0418-4D39-B120-74872211376F}.Debug|Any CPU.ActiveCfg = Debug|Any CPU
		{81317646-0418-4D39-B120-74872211376F}.Debug|Any CPU.Build.0 = Debug|Any CPU
		{81317646-0418-4D39-B120-74872211376F}.Release|Any CPU.ActiveCfg = Release|Any CPU
		{81317646-0418-4D39-B120-74872211376F}.Release|Any CPU.Build.0 = Release|Any CPU
		{CE065326-ABC3-4124-ABE9-38B07AEA1FE8}.Debug|Any CPU.ActiveCfg = Debug|Any CPU
		{CE065326-ABC3-4124-ABE9-38B07AEA1FE8}.Debug|Any CPU.Build.0 = Debug|Any CPU
		{CE065326-ABC3-4124-ABE9-38B07AEA1FE8}.Release|Any CPU.ActiveCfg = Release|Any CPU
		{CE065326-ABC3-4124-ABE9-38B07AEA1FE8}.Release|Any CPU.Build.0 = Release|Any CPU
		{534E54CC-CC9B-4D38-959D-F074BE742A2F}.Debug|Any CPU.ActiveCfg = Debug|Any CPU
		{534E54CC-CC9B-4D38-959D-F074BE742A2F}.Debug|Any CPU.Build.0 = Debug|Any CPU
		{534E54CC-CC9B-4D38-959D-F074BE742A2F}.Release|Any CPU.ActiveCfg = Release|Any CPU
		{534E54CC-CC9B-4D38-959D-F074BE742A2F}.Release|Any CPU.Build.0 = Release|Any CPU
	EndGlobalSection
	GlobalSection(SolutionProperties) = preSolution
		HideSolutionNode = FALSE
	EndGlobalSection
	GlobalSection(ExtensibilityGlobals) = postSolution
		SolutionGuid = {4B73E0AC-5E20-4B94-BFF3-33A38392430F}
	EndGlobalSection
EndGlobal
